
Microsoft Visual Studio Solution File, Format Version 12.00
Project("{FAE04EC0-301F-11D3-BF4B-00C04F79EFBC}") = "war", "war\war.csproj", "{DA526783-0436-4C9D-8E74-3FF7FA9AE24D}"
EndProject
Project("{2150E333-8FDC-42A3-9474-1A3956D46DE8}") = "Solution Files", "Solution Files", "{8CB6E5E7-D20F-4E46-82CD-FCC649F77A8B}"
	ProjectSection(SolutionItems) = preProject
		Docker-compose.yml = Docker-compose.yml
	EndProjectSection
EndProject
Project("{2150E333-8FDC-42A3-9474-1A3956D46DE8}") = "Docker-compose", "Docker-compose", "{65387E81-3AEE-4CD7-9E38-F2D8B4DA4342}"
	ProjectSection(SolutionItems) = preProject
		Docker-compose.yml = Docker-compose.yml
	EndProjectSection
EndProject
Project("{FAE04EC0-301F-11D3-BF4B-00C04F79EFBC}") = "war.test", "war.test\war.test.csproj", "{EAE70677-BF60-4E63-A6C2-89F55F10A003}"
EndProject
Global
	GlobalSection(SolutionConfigurationPlatforms) = preSolution
		Debug|Any CPU = Debug|Any CPU
		Release|Any CPU = Release|Any CPU
	EndGlobalSection
	GlobalSection(ProjectConfigurationPlatforms) = postSolution
		{DA526783-0436-4C9D-8E74-3FF7FA9AE24D}.Debug|Any CPU.ActiveCfg = Debug|Any CPU
		{DA526783-0436-4C9D-8E74-3FF7FA9AE24D}.Debug|Any CPU.Build.0 = Debug|Any CPU
		{DA526783-0436-4C9D-8E74-3FF7FA9AE24D}.Release|Any CPU.ActiveCfg = Release|Any CPU
		{DA526783-0436-4C9D-8E74-3FF7FA9AE24D}.Release|Any CPU.Build.0 = Release|Any CPU
		{EAE70677-BF60-4E63-A6C2-89F55F10A003}.Debug|Any CPU.ActiveCfg = Debug|Any CPU
		{EAE70677-BF60-4E63-A6C2-89F55F10A003}.Debug|Any CPU.Build.0 = Debug|Any CPU
		{EAE70677-BF60-4E63-A6C2-89F55F10A003}.Release|Any CPU.ActiveCfg = Release|Any CPU
		{EAE70677-BF60-4E63-A6C2-89F55F10A003}.Release|Any CPU.Build.0 = Release|Any CPU
	EndGlobalSection
	GlobalSection(NestedProjects) = preSolution
		{65387E81-3AEE-4CD7-9E38-F2D8B4DA4342} = {8CB6E5E7-D20F-4E46-82CD-FCC649F77A8B}
	EndGlobalSection
EndGlobal
